// !$*UTF8*$!
{
	archiveVersion = 1;
	classes = {
	};
	objectVersion = 46;
	objects = {

/* Begin PBXBuildFile section */
		8A4BF0EA1C6B02CE000E3462 /* AppDelegate.swift in Sources */ = {isa = PBXBuildFile; fileRef = 8A4BF0E91C6B02CE000E3462 /* AppDelegate.swift */; };
		8A4BF0EC1C6B02CE000E3462 /* ViewController.swift in Sources */ = {isa = PBXBuildFile; fileRef = 8A4BF0EB1C6B02CE000E3462 /* ViewController.swift */; };
		8A4BF0EF1C6B02CE000E3462 /* Main.storyboard in Resources */ = {isa = PBXBuildFile; fileRef = 8A4BF0ED1C6B02CE000E3462 /* Main.storyboard */; };
		8A4BF0F11C6B02CE000E3462 /* Assets.xcassets in Resources */ = {isa = PBXBuildFile; fileRef = 8A4BF0F01C6B02CE000E3462 /* Assets.xcassets */; };
		8A4BF0F41C6B02CE000E3462 /* LaunchScreen.storyboard in Resources */ = {isa = PBXBuildFile; fileRef = 8A4BF0F21C6B02CE000E3462 /* LaunchScreen.storyboard */; };
		8A4BF0FF1C6B02CE000E3462 /* KeyboardDemoUITests.swift in Sources */ = {isa = PBXBuildFile; fileRef = 8A4BF0FE1C6B02CE000E3462 /* KeyboardDemoUITests.swift */; };
		8A4BF10A1C6B09BA000E3462 /* logo.png in Resources */ = {isa = PBXBuildFile; fileRef = 8A4BF1091C6B09BA000E3462 /* logo.png */; };
/* End PBXBuildFile section */

/* Begin PBXContainerItemProxy section */
		8A4BF0FB1C6B02CE000E3462 /* PBXContainerItemProxy */ = {
			isa = PBXContainerItemProxy;
			containerPortal = 8A4BF0DE1C6B02CD000E3462 /* Project object */;
			proxyType = 1;
			remoteGlobalIDString = 8A4BF0E51C6B02CD000E3462;
			remoteInfo = KeyboardDemo;
		};
/* End PBXContainerItemProxy section */

/* Begin PBXFileReference section */
		8A4BF0E61C6B02CD000E3462 /* KeyboardDemo.app */ = {isa = PBXFileReference; explicitFileType = wrapper.application; includeInIndex = 0; path = KeyboardDemo.app; sourceTree = BUILT_PRODUCTS_DIR; };
		8A4BF0E91C6B02CE000E3462 /* AppDelegate.swift */ = {isa = PBXFileReference; lastKnownFileType = sourcecode.swift; path = AppDelegate.swift; sourceTree = "<group>"; };
		8A4BF0EB1C6B02CE000E3462 /* ViewController.swift */ = {isa = PBXFileReference; lastKnownFileType = sourcecode.swift; path = ViewController.swift; sourceTree = "<group>"; };
		8A4BF0EE1C6B02CE000E3462 /* Base */ = {isa = PBXFileReference; lastKnownFileType = file.storyboard; name = Base; path = Base.lproj/Main.storyboard; sourceTree = "<group>"; };
		8A4BF0F01C6B02CE000E3462 /* Assets.xcassets */ = {isa = PBXFileReference; lastKnownFileType = folder.assetcatalog; path = Assets.xcassets; sourceTree = "<group>"; };
		8A4BF0F31C6B02CE000E3462 /* Base */ = {isa = PBXFileReference; lastKnownFileType = file.storyboard; name = Base; path = Base.lproj/LaunchScreen.storyboard; sourceTree = "<group>"; };
		8A4BF0F51C6B02CE000E3462 /* Info.plist */ = {isa = PBXFileReference; lastKnownFileType = text.plist.xml; path = Info.plist; sourceTree = "<group>"; };
		8A4BF0FA1C6B02CE000E3462 /* KeyboardDemoUITests.xctest */ = {isa = PBXFileReference; explicitFileType = wrapper.cfbundle; includeInIndex = 0; path = KeyboardDemoUITests.xctest; sourceTree = BUILT_PRODUCTS_DIR; };
		8A4BF0FE1C6B02CE000E3462 /* KeyboardDemoUITests.swift */ = {isa = PBXFileReference; lastKnownFileType = sourcecode.swift; path = KeyboardDemoUITests.swift; sourceTree = "<group>"; };
		8A4BF1001C6B02CE000E3462 /* Info.plist */ = {isa = PBXFileReference; lastKnownFileType = text.plist.xml; path = Info.plist; sourceTree = "<group>"; };
		8A4BF1091C6B09BA000E3462 /* logo.png */ = {isa = PBXFileReference; lastKnownFileType = image.png; path = logo.png; sourceTree = "<group>"; };
/* End PBXFileReference section */

/* Begin PBXFrameworksBuildPhase section */
		8A4BF0E31C6B02CD000E3462 /* Frameworks */ = {
			isa = PBXFrameworksBuildPhase;
			buildActionMask = 2147483647;
			files = (
			);
			runOnlyForDeploymentPostprocessing = 0;
		};
		8A4BF0F71C6B02CE000E3462 /* Frameworks */ = {
			isa = PBXFrameworksBuildPhase;
			buildActionMask = 2147483647;
			files = (
			);
			runOnlyForDeploymentPostprocessing = 0;
		};
/* End PBXFrameworksBuildPhase section */

/* Begin PBXGroup section */
		8A4BF0DD1C6B02CD000E3462 = {
			isa = PBXGroup;
			children = (
				8A4BF0E81C6B02CD000E3462 /* KeyboardDemo */,
				8A4BF0FD1C6B02CE000E3462 /* KeyboardDemoUITests */,
				8A4BF0E71C6B02CD000E3462 /* Products */,
			);
			sourceTree = "<group>";
		};
		8A4BF0E71C6B02CD000E3462 /* Products */ = {
			isa = PBXGroup;
			children = (
				8A4BF0E61C6B02CD000E3462 /* KeyboardDemo.app */,
				8A4BF0FA1C6B02CE000E3462 /* KeyboardDemoUITests.xctest */,
			);
			name = Products;
			sourceTree = "<group>";
		};
		8A4BF0E81C6B02CD000E3462 /* KeyboardDemo */ = {
			isa = PBXGroup;
			children = (
				8A4BF0E91C6B02CE000E3462 /* AppDelegate.swift */,
				8A4BF0EB1C6B02CE000E3462 /* ViewController.swift */,
				8A4BF1091C6B09BA000E3462 /* logo.png */,
				8A4BF0ED1C6B02CE000E3462 /* Main.storyboard */,
				8A4BF0F01C6B02CE000E3462 /* Assets.xcassets */,
				8A4BF0F21C6B02CE000E3462 /* LaunchScreen.storyboard */,
				8A4BF0F51C6B02CE000E3462 /* Info.plist */,
			);
			path = KeyboardDemo;
			sourceTree = "<group>";
		};
		8A4BF0FD1C6B02CE000E3462 /* KeyboardDemoUITests */ = {
			isa = PBXGroup;
			children = (
				8A4BF0FE1C6B02CE000E3462 /* KeyboardDemoUITests.swift */,
				8A4BF1001C6B02CE000E3462 /* Info.plist */,
			);
			path = KeyboardDemoUITests;
			sourceTree = "<group>";
		};
/* End PBXGroup section */

/* Begin PBXNativeTarget section */
		8A4BF0E51C6B02CD000E3462 /* KeyboardDemo */ = {
			isa = PBXNativeTarget;
			buildConfigurationList = 8A4BF1031C6B02CE000E3462 /* Build configuration list for PBXNativeTarget "KeyboardDemo" */;
			buildPhases = (
				8A4BF0E21C6B02CD000E3462 /* Sources */,
				8A4BF0E31C6B02CD000E3462 /* Frameworks */,
				8A4BF0E41C6B02CD000E3462 /* Resources */,
			);
			buildRules = (
			);
			dependencies = (
			);
			name = KeyboardDemo;
			productName = KeyboardDemo;
			productReference = 8A4BF0E61C6B02CD000E3462 /* KeyboardDemo.app */;
			productType = "com.apple.product-type.application";
		};
		8A4BF0F91C6B02CE000E3462 /* KeyboardDemoUITests */ = {
			isa = PBXNativeTarget;
			buildConfigurationList = 8A4BF1061C6B02CE000E3462 /* Build configuration list for PBXNativeTarget "KeyboardDemoUITests" */;
			buildPhases = (
				8A4BF0F61C6B02CE000E3462 /* Sources */,
				8A4BF0F71C6B02CE000E3462 /* Frameworks */,
				8A4BF0F81C6B02CE000E3462 /* Resources */,
			);
			buildRules = (
			);
			dependencies = (
				8A4BF0FC1C6B02CE000E3462 /* PBXTargetDependency */,
			);
			name = KeyboardDemoUITests;
			productName = KeyboardDemoUITests;
			productReference = 8A4BF0FA1C6B02CE000E3462 /* KeyboardDemoUITests.xctest */;
			productType = "com.apple.product-type.bundle.ui-testing";
		};
/* End PBXNativeTarget section */

/* Begin PBXProject section */
		8A4BF0DE1C6B02CD000E3462 /* Project object */ = {
			isa = PBXProject;
			attributes = {
				LastSwiftUpdateCheck = 0720;
				LastUpgradeCheck = 0720;
				ORGANIZATIONNAME = Inwizards;
				TargetAttributes = {
					8A4BF0E51C6B02CD000E3462 = {
						CreatedOnToolsVersion = 7.2;
					};
					8A4BF0F91C6B02CE000E3462 = {
						CreatedOnToolsVersion = 7.2;
						TestTargetID = 8A4BF0E51C6B02CD000E3462;
					};
				};
			};
			buildConfigurationList = 8A4BF0E11C6B02CD000E3462 /* Build configuration list for PBXProject "KeyboardDemo" */;
			compatibilityVersion = "Xcode 3.2";
			developmentRegion = English;
			hasScannedForEncodings = 0;
			knownRegions = (
				en,
				Base,
			);
			mainGroup = 8A4BF0DD1C6B02CD000E3462;
			productRefGroup = 8A4BF0E71C6B02CD000E3462 /* Products */;
			projectDirPath = "";
			projectRoot = "";
			targets = (
				8A4BF0E51C6B02CD000E3462 /* KeyboardDemo */,
				8A4BF0F91C6B02CE000E3462 /* KeyboardDemoUITests */,
			);
		};
/* End PBXProject section */

/* Begin PBXResourcesBuildPhase section */
		8A4BF0E41C6B02CD000E3462 /* Resources */ = {
			isa = PBXResourcesBuildPhase;
			buildActionMask = 2147483647;
			files = (
				8A4BF10A1C6B09BA000E3462 /* logo.png in Resources */,
				8A4BF0F41C6B02CE000E3462 /* LaunchScreen.storyboard in Resources */,
				8A4BF0F11C6B02CE000E3462 /* Assets.xcassets in Resources */,
				8A4BF0EF1C6B02CE000E3462 /* Main.storyboard in Resources */,
			);
			runOnlyForDeploymentPostprocessing = 0;
		};
		8A4BF0F81C6B02CE000E3462 /* Resources */ = {
			isa = PBXResourcesBuildPhase;
			buildActionMask = 2147483647;
			files = (
			);
			runOnlyForDeploymentPostprocessing = 0;
		};
/* End PBXResourcesBuildPhase section */

/* Begin PBXSourcesBuildPhase section */
		8A4BF0E21C6B02CD000E3462 /* Sources */ = {
			isa = PBXSourcesBuildPhase;
			buildActionMask = 2147483647;
			files = (
				8A4BF0EC1C6B02CE000E3462 /* ViewController.swift in Sources */,
				8A4BF0EA1C6B02CE000E3462 /* AppDelegate.swift in Sources */,
			);
			runOnlyForDeploymentPostprocessing = 0;
		};
		8A4BF0F61C6B02CE000E3462 /* Sources */ = {
			isa = PBXSourcesBuildPhase;
			buildActionMask = 2147483647;
			files = (
				8A4BF0FF1C6B02CE000E3462 /* KeyboardDemoUITests.swift in Sources */,
			);
			runOnlyForDeploymentPostprocessing = 0;
		};
/* End PBXSourcesBuildPhase section */

/* Begin PBXTargetDependency section */
		8A4BF0FC1C6B02CE000E3462 /* PBXTargetDependency */ = {
			isa = PBXTargetDependency;
			target = 8A4BF0E51C6B02CD000E3462 /* KeyboardDemo */;
			targetProxy = 8A4BF0FB1C6B02CE000E3462 /* PBXContainerItemProxy */;
		};
/* End PBXTargetDependency section */

/* Begin PBXVariantGroup section */
		8A4BF0ED1C6B02CE000E3462 /* Main.storyboard */ = {
			isa = PBXVariantGroup;
			children = (
				8A4BF0EE1C6B02CE000E3462 /* Base */,
			);
			name = Main.storyboard;
			sourceTree = "<group>";
		};
		8A4BF0F21C6B02CE000E3462 /* LaunchScreen.storyboard */ = {
			isa = PBXVariantGroup;
			children = (
				8A4BF0F31C6B02CE000E3462 /* Base */,
			);
			name = LaunchScreen.storyboard;
			sourceTree = "<group>";
		};
/* End PBXVariantGroup section */

/* Begin XCBuildConfiguration section */
		8A4BF1011C6B02CE000E3462 /* Debug */ = {
			isa = XCBuildConfiguration;
			buildSettings = {
				ALWAYS_SEARCH_USER_PATHS = NO;
				CLANG_CXX_LANGUAGE_STANDARD = "gnu++0x";
				CLANG_CXX_LIBRARY = "libc++";
				CLANG_ENABLE_MODULES = YES;
				CLANG_ENABLE_OBJC_ARC = YES;
				CLANG_WARN_BOOL_CONVERSION = YES;
				CLANG_WARN_CONSTANT_CONVERSION = YES;
				CLANG_WARN_DIRECT_OBJC_ISA_USAGE = YES_ERROR;
				CLANG_WARN_EMPTY_BODY = YES;
				CLANG_WARN_ENUM_CONVERSION = YES;
				CLANG_WARN_INT_CONVERSION = YES;
				CLANG_WARN_OBJC_ROOT_CLASS = YES_ERROR;
				CLANG_WARN_UNREACHABLE_CODE = YES;
				CLANG_WARN__DUPLICATE_METHOD_MATCH = YES;
				"CODE_SIGN_IDENTITY[sdk=iphoneos*]" = "iPhone Developer";
				COPY_PHASE_STRIP = NO;
				DEBUG_INFORMATION_FORMAT = dwarf;
				ENABLE_STRICT_OBJC_MSGSEND = YES;
				ENABLE_TESTABILITY = YES;
				GCC_C_LANGUAGE_STANDARD = gnu99;
				GCC_DYNAMIC_NO_PIC = NO;
				GCC_NO_COMMON_BLOCKS = YES;
				GCC_OPTIMIZATION_LEVEL = 0;
				GCC_PREPROCESSOR_DEFINITIONS = (
					"DEBUG=1",
					"$(inherited)",
				);
				GCC_WARN_64_TO_32_BIT_CONVERSION = YES;
				GCC_WARN_ABOUT_RETURN_TYPE = YES_ERROR;
				GCC_WARN_UNDECLARED_SELECTOR = YES;
				GCC_WARN_UNINITIALIZED_AUTOS = YES_AGGRESSIVE;
				GCC_WARN_UNUSED_FUNCTION = YES;
				GCC_WARN_UNUSED_VARIABLE = YES;
				IPHONEOS_DEPLOYMENT_TARGET = 9.2;
				MTL_ENABLE_DEBUG_INFO = YES;
				ONLY_ACTIVE_ARCH = YES;
				SDKROOT = iphoneos;
				SWIFT_OPTIMIZATION_LEVEL = "-Onone";
			};
			name = Debug;
		};
		8A4BF1021C6B02CE000E3462 /* Release */ = {
			isa = XCBuildConfiguration;
			buildSettings = {
				ALWAYS_SEARCH_USER_PATHS = NO;
				CLANG_CXX_LANGUAGE_STANDARD = "gnu++0x";
				CLANG_CXX_LIBRARY = "libc++";
				CLANG_ENABLE_MODULES = YES;
				CLANG_ENABLE_OBJC_ARC = YES;
				CLANG_WARN_BOOL_CONVERSION = YES;
				CLANG_WARN_CONSTANT_CONVERSION = YES;
				CLANG_WARN_DIRECT_OBJC_ISA_USAGE = YES_ERROR;
				CLANG_WARN_EMPTY_BODY = YES;
				CLANG_WARN_ENUM_CONVERSION = YES;
				CLANG_WARN_INT_CONVERSION = YES;
				CLANG_WARN_OBJC_ROOT_CLASS = YES_ERROR;
				CLANG_WARN_UNREACHABLE_CODE = YES;
				CLANG_WARN__DUPLICATE_METHOD_MATCH = YES;
				"CODE_SIGN_IDENTITY[sdk=iphoneos*]" = "iPhone Developer";
				COPY_PHASE_STRIP = NO;
				DEBUG_INFORMATION_FORMAT = "dwarf-with-dsym";
				ENABLE_NS_ASSERTIONS = NO;
				ENABLE_STRICT_OBJC_MSGSEND = YES;
				GCC_C_LANGUAGE_STANDARD = gnu99;
				GCC_NO_COMMON_BLOCKS = YES;
				GCC_WARN_64_TO_32_BIT_CONVERSION = YES;
				GCC_WARN_ABOUT_RETURN_TYPE = YES_ERROR;
				GCC_WARN_UNDECLARED_SELECTOR = YES;
				GCC_WARN_UNINITIALIZED_AUTOS = YES_AGGRESSIVE;
				GCC_WARN_UNUSED_FUNCTION = YES;
				GCC_WARN_UNUSED_VARIABLE = YES;
				IPHONEOS_DEPLOYMENT_TARGET = 9.2;
				MTL_ENABLE_DEBUG_INFO = NO;
				SDKROOT = iphoneos;
				VALIDATE_PRODUCT = YES;
			};
			name = Release;
		};
		8A4BF1041C6B02CE000E3462 /* Debug */ = {
			isa = XCBuildConfiguration;
			buildSettings = {
				ASSETCATALOG_COMPILER_APPICON_NAME = AppIcon;
				INFOPLIST_FILE = KeyboardDemo/Info.plist;
				IPHONEOS_DEPLOYMENT_TARGET = 8.0;
				LD_RUNPATH_SEARCH_PATHS = "$(inherited) @executable_path/Frameworks";
				PRODUCT_BUNDLE_IDENTIFIER = com.inw.KeyboardDemo;
				PRODUCT_NAME = "$(TARGET_NAME)";
			};
			name = Debug;
		};
		8A4BF1051C6B02CE000E3462 /* Release */ = {
			isa = XCBuildConfiguration;
			buildSettings = {
				ASSETCATALOG_COMPILER_APPICON_NAME = AppIcon;
				INFOPLIST_FILE = KeyboardDemo/Info.plist;
				IPHONEOS_DEPLOYMENT_TARGET = 8.0;
				LD_RUNPATH_SEARCH_PATHS = "$(inherited) @executable_path/Frameworks";
				PRODUCT_BUNDLE_IDENTIFIER = com.inw.KeyboardDemo;
				PRODUCT_NAME = "$(TARGET_NAME)";
			};
			name = Release;
		};
		8A4BF1071C6B02CE000E3462 /* Debug */ = {
			isa = XCBuildConfiguration;
			buildSettings = {
				INFOPLIST_FILE = KeyboardDemoUITests/Info.plist;
				LD_RUNPATH_SEARCH_PATHS = "$(inherited) @executable_path/Frameworks @loader_path/Frameworks";
				PRODUCT_BUNDLE_IDENTIFIER = com.inw.KeyboardDemoUITests;
				PRODUCT_NAME = "$(TARGET_NAME)";
				TEST_TARGET_NAME = KeyboardDemo;
				USES_XCTRUNNER = YES;
			};
			name = Debug;
		};
		8A4BF1081C6B02CE000E3462 /* Release */ = {
			isa = XCBuildConfiguration;
			buildSettings = {
				INFOPLIST_FILE = KeyboardDemoUITests/Info.plist;
				LD_RUNPATH_SEARCH_PATHS = "$(inherited) @executable_path/Frameworks @loader_path/Frameworks";
				PRODUCT_BUNDLE_IDENTIFIER = com.inw.KeyboardDemoUITests;
				PRODUCT_NAME = "$(TARGET_NAME)";
				TEST_TARGET_NAME = KeyboardDemo;
				USES_XCTRUNNER = YES;
			};
			name = Release;
		};
/* End XCBuildConfiguration section */

/* Begin XCConfigurationList section */
		8A4BF0E11C6B02CD000E3462 /* Build configuration list for PBXProject "KeyboardDemo" */ = {
			isa = XCConfigurationList;
			buildConfigurations = (
				8A4BF1011C6B02CE000E3462 /* Debug */,
				8A4BF1021C6B02CE000E3462 /* Release */,
			);
			defaultConfigurationIsVisible = 0;
			defaultConfigurationName = Release;
		};
		8A4BF1031C6B02CE000E3462 /* Build configuration list for PBXNativeTarget "KeyboardDemo" */ = {
			isa = XCConfigurationList;
			buildConfigurations = (
				8A4BF1041C6B02CE000E3462 /* Debug */,
				8A4BF1051C6B02CE000E3462 /* Release */,
			);
			defaultConfigurationIsVisible = 0;
		};
		8A4BF1061C6B02CE000E3462 /* Build configuration list for PBXNativeTarget "KeyboardDemoUITests" */ = {
			isa = XCConfigurationList;
			buildConfigurations = (
				8A4BF1071C6B02CE000E3462 /* Debug */,
				8A4BF1081C6B02CE000E3462 /* Release */,
			);
			defaultConfigurationIsVisible = 0;
		};
/* End XCConfigurationList section */
	};
	rootObject = 8A4BF0DE1C6B02CD000E3462 /* Project object */;
}
